
Microsoft Visual Studio Solution File, Format Version 12.00
# Visual Studio 2012
Project("{FAE04EC0-301F-11D3-BF4B-00C04F79EFBC}") = "DataCollectionClient", "DataCollectionClient\DataCollectionClient.csproj", "{A0F7C36B-E0D8-4ED1-8E1A-1761F804DEDB}"
EndProject
Project("{FAE04EC0-301F-11D3-BF4B-00C04F79EFBC}") = "DataCollectionHost", "DataCollectionHost\DataCollectionHost.csproj", "{81592854-6289-498F-B271-1C420448E89C}"
EndProject
Global
	GlobalSection(SolutionConfigurationPlatforms) = preSolution
		Debug|Any CPU = Debug|Any CPU
		Debug|Mixed Platforms = Debug|Mixed Platforms
		Debug|x86 = Debug|x86
		Release|Any CPU = Release|Any CPU
		Release|Mixed Platforms = Release|Mixed Platforms
		Release|x86 = Release|x86
	EndGlobalSection
	GlobalSection(ProjectConfigurationPlatforms) = postSolution
		{A0F7C36B-E0D8-4ED1-8E1A-1761F804DEDB}.Debug|Any CPU.ActiveCfg = Debug|Any CPU
		{A0F7C36B-E0D8-4ED1-8E1A-1761F804DEDB}.Debug|Any CPU.Build.0 = Debug|Any CPU
		{A0F7C36B-E0D8-4ED1-8E1A-1761F804DEDB}.Debug|Mixed Platforms.ActiveCfg = Debug|Any CPU
		{A0F7C36B-E0D8-4ED1-8E1A-1761F804DEDB}.Debug|Mixed Platforms.Build.0 = Debug|Any CPU
		{A0F7C36B-E0D8-4ED1-8E1A-1761F804DEDB}.Debug|x86.ActiveCfg = Debug|Any CPU
		{A0F7C36B-E0D8-4ED1-8E1A-1761F804DEDB}.Release|Any CPU.ActiveCfg = Release|Any CPU
		{A0F7C36B-E0D8-4ED1-8E1A-1761F804DEDB}.Release|Any CPU.Build.0 = Release|Any CPU
		{A0F7C36B-E0D8-4ED1-8E1A-1761F804DEDB}.Release|Mixed Platforms.ActiveCfg = Release|Any CPU
		{A0F7C36B-E0D8-4ED1-8E1A-1761F804DEDB}.Release|Mixed Platforms.Build.0 = Release|Any CPU
		{A0F7C36B-E0D8-4ED1-8E1A-1761F804DEDB}.Release|x86.ActiveCfg = Release|Any CPU
		{81592854-6289-498F-B271-1C420448E89C}.Debug|Any CPU.ActiveCfg = Debug|x86
		{81592854-6289-498F-B271-1C420448E89C}.Debug|Mixed Platforms.ActiveCfg = Debug|x86
		{81592854-6289-498F-B271-1C420448E89C}.Debug|Mixed Platforms.Build.0 = Debug|x86
		{81592854-6289-498F-B271-1C420448E89C}.Debug|x86.ActiveCfg = Debug|x86
		{81592854-6289-498F-B271-1C420448E89C}.Debug|x86.Build.0 = Debug|x86
		{81592854-6289-498F-B271-1C420448E89C}.Release|Any CPU.ActiveCfg = Release|x86
		{81592854-6289-498F-B271-1C420448E89C}.Release|Mixed Platforms.ActiveCfg = Release|x86
		{81592854-6289-498F-B271-1C420448E89C}.Release|Mixed Platforms.Build.0 = Release|x86
		{81592854-6289-498F-B271-1C420448E89C}.Release|x86.ActiveCfg = Release|x86
		{81592854-6289-498F-B271-1C420448E89C}.Release|x86.Build.0 = Release|x86
	EndGlobalSection
	GlobalSection(SolutionProperties) = preSolution
		HideSolutionNode = FALSE
	EndGlobalSection
EndGlobal
